{
  "projects": [
    {
      "projectId": "ohDidvG9XsCeFumugENU3J",
      "version": "3.9.0",
      "dependencies": {},
      "lang": "js",
      "fileLocks": [
        {
          "assetId": "ohDidvG9XsCeFumugENU3J",
          "type": "projectCss",
          "checksum": "93726672d70545e454fbe5134deec821"
        },
        {
          "assetId": "ohDidvG9XsCeFumugENU3J",
          "checksum": "73de8759f6c0d9a50948d6d3d7bf794b",
          "type": "globalContexts"
        }
      ],
      "codegenVersion": "0.0.1"
    },
    {
      "projectId": "28Ba3BDvRe7EiWdfFNnLB6",
      "version": "2.21.0",
      "dependencies": {},
      "lang": "js",
      "fileLocks": [
        {
          "assetId": "28Ba3BDvRe7EiWdfFNnLB6",
          "type": "projectCss",
          "checksum": "e1ec850476829c38b0f9b6d4f7ac446a"
        }
      ],
      "codegenVersion": "0.0.1"
    },
    {
      "projectId": "gRaosoDicn4VUCndSzazbA",
      "version": "latest",
      "dependencies": {
        "ohDidvG9XsCeFumugENU3J": "3.9.0",
        "jkU633o1Cz7HrJdwdxhVHk": "6.0.0",
        "caTPwKxj5ZrD9LQ7DMdK4Z": "3.18.0",
        "YUiM7yqBWAqsh8KSnrdj7": "0.17.0"
      },
      "lang": "js",
      "fileLocks": [
        {
          "type": "globalVariant",
          "assetId": "nl9_I0oib3VOwY",
          "checksum": "cd47d0fd7367f0cd763030ecfc1a7285"
        },
        {
          "assetId": "gRaosoDicn4VUCndSzazbA",
          "checksum": "34392ac1bda773250ff7d5e1847db23a",
          "type": "globalContexts"
        },
        {
          "type": "renderModule",
          "assetId": "AAi9AuCCbMra",
          "checksum": "b85bf127f945ffc3c11809d16799cb04"
        },
        {
          "type": "cssRules",
          "assetId": "AAi9AuCCbMra",
          "checksum": "b85bf127f945ffc3c11809d16799cb04"
        },
        {
          "type": "renderModule",
          "assetId": "Zf1zYQ7YK23by",
          "checksum": "0c1c3e94d89595bbc9ef6b3359687342"
        },
        {
          "type": "cssRules",
          "assetId": "Zf1zYQ7YK23by",
          "checksum": "0c1c3e94d89595bbc9ef6b3359687342"
        },
        {
          "type": "renderModule",
          "assetId": "YO5Bwb9purCqu",
          "checksum": "82d27e79044e4f612331f707aa0edda5"
        },
        {
          "type": "cssRules",
          "assetId": "YO5Bwb9purCqu",
          "checksum": "82d27e79044e4f612331f707aa0edda5"
        },
        {
          "type": "renderModule",
          "assetId": "PlpIcihQhaX91",
          "checksum": "4cc5b134bb89220f2222dc79127616a1"
        },
        {
          "type": "cssRules",
          "assetId": "PlpIcihQhaX91",
          "checksum": "4cc5b134bb89220f2222dc79127616a1"
        },
        {
          "type": "renderModule",
          "assetId": "Y7xcku1e2QoFP",
          "checksum": "428b8c788a452ff169a1649379b119e6"
        },
        {
          "type": "cssRules",
          "assetId": "Y7xcku1e2QoFP",
          "checksum": "428b8c788a452ff169a1649379b119e6"
        },
        {
          "type": "renderModule",
          "assetId": "9cR2sxpykRjad",
          "checksum": "08e184b6b27fa1f7ec1f3221ec32a366"
        },
        {
          "type": "cssRules",
          "assetId": "9cR2sxpykRjad",
          "checksum": "08e184b6b27fa1f7ec1f3221ec32a366"
        },
        {
          "type": "renderModule",
          "assetId": "Ke9LrDUSMB1rJP",
          "checksum": "fc1f0ea9e92c677c644d6f0a9da3f2fa"
        },
        {
          "type": "cssRules",
          "assetId": "Ke9LrDUSMB1rJP",
          "checksum": "fc1f0ea9e92c677c644d6f0a9da3f2fa"
        },
        {
          "type": "renderModule",
          "assetId": "EKtCmtXn8XaxGh",
          "checksum": "27e0b76d716c79d2adffbf3185b5e5f2"
        },
        {
          "type": "cssRules",
          "assetId": "EKtCmtXn8XaxGh",
          "checksum": "27e0b76d716c79d2adffbf3185b5e5f2"
        },
        {
          "type": "renderModule",
          "assetId": "-yvQMrhCsV3Q78",
          "checksum": "73c47b83a88d3cca1918a2ef2c8a7f34"
        },
        {
          "type": "cssRules",
          "assetId": "-yvQMrhCsV3Q78",
          "checksum": "73c47b83a88d3cca1918a2ef2c8a7f34"
        },
        {
          "type": "renderModule",
          "assetId": "DBaIAlzZ3jDAe1",
          "checksum": "8d370c4ca8e569b6fe09dfac1d0c15ae"
        },
        {
          "type": "cssRules",
          "assetId": "DBaIAlzZ3jDAe1",
          "checksum": "8d370c4ca8e569b6fe09dfac1d0c15ae"
        },
        {
          "type": "renderModule",
          "assetId": "wgfA58-r1EXL_C",
          "checksum": "b9a64f47abb8155e8f7b5ad962977a0e"
        },
        {
          "type": "cssRules",
          "assetId": "wgfA58-r1EXL_C",
          "checksum": "b9a64f47abb8155e8f7b5ad962977a0e"
        },
        {
          "type": "renderModule",
          "assetId": "_XArMe1d9Uqxi-",
          "checksum": "7f709ef52cc69903c775832eed21c87b"
        },
        {
          "type": "cssRules",
          "assetId": "_XArMe1d9Uqxi-",
          "checksum": "7f709ef52cc69903c775832eed21c87b"
        },
        {
          "type": "renderModule",
          "assetId": "uIks8gQPCv_Pu0",
          "checksum": "a96dfd79f4f10d86d35dc9a9b37e824f"
        },
        {
          "type": "cssRules",
          "assetId": "uIks8gQPCv_Pu0",
          "checksum": "a96dfd79f4f10d86d35dc9a9b37e824f"
        },
        {
          "type": "renderModule",
          "assetId": "A7lxlJD3kKn",
          "checksum": "f1bf857761d4f3432795c00500486c1c"
        },
        {
          "type": "cssRules",
          "assetId": "A7lxlJD3kKn",
          "checksum": "f1bf857761d4f3432795c00500486c1c"
        },
        {
          "type": "renderModule",
          "assetId": "pqoW1wXqfNN",
          "checksum": "bbc6bb26d2589868df97356a02649ba1"
        },
        {
          "type": "cssRules",
          "assetId": "pqoW1wXqfNN",
          "checksum": "bbc6bb26d2589868df97356a02649ba1"
        },
        {
          "type": "renderModule",
          "assetId": "-2p_ZIYW-pY",
          "checksum": "44e79224510b86441e497caae0eebec4"
        },
        {
          "type": "cssRules",
          "assetId": "-2p_ZIYW-pY",
          "checksum": "44e79224510b86441e497caae0eebec4"
        },
        {
          "type": "icon",
          "assetId": "JhZ3dtt_5DRD2s",
          "checksum": "be53b537ee78635b078c43c1b863c9a7"
        },
        {
          "type": "icon",
          "assetId": "AO1hQKEExk65Hm",
          "checksum": "dfda56d05fa0bdab35623000c176c73f"
        },
        {
          "type": "icon",
          "assetId": "-3MO1z6kLjeMH2",
          "checksum": "1dc79364707d085e0d48423ea426582d"
        },
        {
          "type": "icon",
          "assetId": "S8FNX_2RcWwpyX",
          "checksum": "b4adb04863a517f87f6d2929ef89ee1e"
        },
        {
          "type": "icon",
          "assetId": "6eqXuEm5b_sHPT",
          "checksum": "d48358bfb1d9ecdb34e7b2c6cfbe321a"
        },
        {
          "type": "icon",
          "assetId": "JDvIMcAGN1u",
          "checksum": "9d88fc6f064b8fe2d6b654486f89f735"
        },
        {
          "type": "icon",
          "assetId": "E1QW48uui1u",
          "checksum": "8a83a64210d95c6847d232e3d9436ad8"
        },
        {
          "type": "icon",
          "assetId": "KoY309Tgrjk",
          "checksum": "77fd3c02a5861389cfa56c83c04e59f4"
        },
        {
          "type": "icon",
          "assetId": "IzwKr9-s2sD",
          "checksum": "6daac86505ed83a54893fda07966ba2d"
        },
        {
          "type": "icon",
          "assetId": "Pu_bRg2PBqC",
          "checksum": "bbb5aefcc2b05fdf241ec5e08ab841e4"
        },
        {
          "type": "icon",
          "assetId": "MTyawrbN6uF",
          "checksum": "fdc70f68b2ed5cb739fc448436d2bff4"
        },
        {
          "type": "icon",
          "assetId": "WYrTsWzQKYW",
          "checksum": "58ed9f9c6a1895c160ef1aad2888540c"
        },
        {
          "type": "icon",
          "assetId": "A0Me8Phykv",
          "checksum": "f6a82c18ec49ad463643f320f4d920ad"
        },
        {
          "type": "icon",
          "assetId": "P8LQPjDHPd",
          "checksum": "64820aecb0996417e0135a83057e8798"
        },
        {
          "type": "icon",
          "assetId": "rSRFAL1ytP",
          "checksum": "e6e96af3e4bba5e65fbb75052a3b79e3"
        },
        {
          "type": "icon",
          "assetId": "dkiK7MvBVR",
          "checksum": "16b115fdb368b6521de2949ad78fb5e7"
        },
        {
          "type": "icon",
          "assetId": "iQ4dltXyU_",
          "checksum": "ad5ca040ffaee8983dd25924d54089cb"
        },
        {
          "type": "icon",
          "assetId": "C_0-pDO_5g",
          "checksum": "edde6af68acf32b01463d882065212d7"
        },
        {
          "type": "icon",
          "assetId": "r5eJtG3OF3",
          "checksum": "d514d797d7bc4a0149a9ab484a90057e"
        },
        {
          "type": "image",
          "assetId": "ls-cHmcIfLVf8O",
          "checksum": "6c9e29a46b7809b4086153d1e20aaa8e"
        },
        {
          "type": "image",
          "assetId": "73Gf_RftusJ",
          "checksum": "73a76501d531b32f44f9fec4311833ba"
        },
        {
          "type": "image",
          "assetId": "jcw5_g73v",
          "checksum": "9d8c8801133af3fd89871520587242ce"
        },
        {
          "type": "image",
          "assetId": "o2niyaZT_l",
          "checksum": "7355c5806630da1eeee09ae6831bb858"
        },
        {
          "type": "image",
          "assetId": "8qKdjCAwo",
          "checksum": "73766dcdd96131c06999db500ba7ac4b"
        },
        {
          "type": "renderModule",
          "assetId": "DuwZXCRDJh",
          "checksum": "c2a96df667b8ec4cc2af789959557980"
        },
        {
          "type": "cssRules",
          "assetId": "DuwZXCRDJh",
          "checksum": "c2a96df667b8ec4cc2af789959557980"
        },
        {
          "type": "renderModule",
          "assetId": "P6DuufdWKR",
          "checksum": "d0df515b43d9c4cb5244fb2aa3f72d8b"
        },
        {
          "type": "cssRules",
          "assetId": "P6DuufdWKR",
          "checksum": "d0df515b43d9c4cb5244fb2aa3f72d8b"
        },
        {
          "type": "icon",
          "assetId": "HpyYmDJCsB",
          "checksum": "15eae06029223a90cf54bfed072eaead"
        },
        {
          "type": "icon",
          "assetId": "XtoxUOCTka",
          "checksum": "835fd0069954d591fb9629f885a2494a"
        },
        {
          "type": "renderModule",
          "assetId": "cHu398Tr36",
          "checksum": "05b64b01d3123488fec767a7e5ea06bb"
        },
        {
          "type": "cssRules",
          "assetId": "cHu398Tr36",
          "checksum": "05b64b01d3123488fec767a7e5ea06bb"
        },
        {
          "type": "icon",
          "assetId": "Cuf7VN7o7",
          "checksum": "4d140f255e1d979b9a82db9fe68e0c35"
        },
        {
          "type": "icon",
          "assetId": "pp41lU4ySO",
          "checksum": "d97d7e3d3074ed5f5afe364737fc626a"
        },
        {
          "type": "icon",
          "assetId": "Qv4aqJsvqQ",
          "checksum": "72cc1f2efff8c0db9ae24b2d1887c935"
        },
        {
          "type": "icon",
          "assetId": "6_oKYAuIan",
          "checksum": "22bf778e2263668d47fbff9d413a4267"
        },
        {
          "type": "renderModule",
          "assetId": "UlyQXoohOO",
          "checksum": "7074e2e9e446459957bd16dc8c799151"
        },
        {
          "type": "cssRules",
          "assetId": "UlyQXoohOO",
          "checksum": "7074e2e9e446459957bd16dc8c799151"
        },
        {
          "type": "icon",
          "assetId": "7SQTTfTX9I",
          "checksum": "db57fc73b41bbc6c82d16d31f84d0ff0"
        },
        {
          "type": "icon",
          "assetId": "xKIJ8vVG0g",
          "checksum": "bc2ae6ba84fd78ec5fc12caa9cd36ad8"
        },
        {
          "type": "icon",
          "assetId": "w6QM0uw4C3",
          "checksum": "1318bf2c54e584947e7875dd14700a2f"
        },
        {
          "type": "icon",
          "assetId": "iCilKbZrcl",
          "checksum": "b20e3c48e73df497f9b5cf11ca644206"
        },
        {
          "type": "icon",
          "assetId": "edocmb3Rcj",
          "checksum": "b49cd33ee5c063c703e03b016166152d"
        },
        {
          "type": "renderModule",
          "assetId": "1dOF1uaw3X",
          "checksum": "3438bd1974b112d07705a710a97bf62a"
        },
        {
          "type": "cssRules",
          "assetId": "1dOF1uaw3X",
          "checksum": "3438bd1974b112d07705a710a97bf62a"
        },
        {
          "type": "renderModule",
          "assetId": "Vp9kLSLaI-",
          "checksum": "70f49adc74ce87b9ee856e731898edd2"
        },
        {
          "type": "cssRules",
          "assetId": "Vp9kLSLaI-",
          "checksum": "70f49adc74ce87b9ee856e731898edd2"
        },
        {
          "assetId": "gRaosoDicn4VUCndSzazbA",
          "type": "projectCss",
          "checksum": "a67896eea9e2f7e3d48111db5d2f8210"
        }
      ],
      "codegenVersion": "0.0.1"
    },
    {
      "projectId": "jkU633o1Cz7HrJdwdxhVHk",
      "version": "6.0.0",
      "dependencies": {},
      "lang": "js",
      "fileLocks": [
        {
          "assetId": "jkU633o1Cz7HrJdwdxhVHk",
          "type": "projectCss",
          "checksum": "fece2e46b9edba8435af0967f3794b2b"
        }
      ],
      "codegenVersion": "0.0.1"
    },
    {
      "projectId": "YUiM7yqBWAqsh8KSnrdj7",
      "version": "0.17.0",
      "dependencies": {},
      "lang": "js",
      "fileLocks": [
        {
          "assetId": "YUiM7yqBWAqsh8KSnrdj7",
          "type": "projectCss",
          "checksum": "dac72600b04b6e6a3014e82512a15fe1"
        }
      ],
      "codegenVersion": "0.0.1"
    },
    {
      "projectId": "caTPwKxj5ZrD9LQ7DMdK4Z",
      "version": "3.18.0",
      "dependencies": {},
      "lang": "js",
      "fileLocks": [
        {
          "assetId": "caTPwKxj5ZrD9LQ7DMdK4Z",
          "type": "projectCss",
          "checksum": "9fe64c4dd8439ba4d2df6de161f0ad40"
        }
      ],
      "codegenVersion": "0.0.1"
    }
  ],
  "cliVersion": "0.1.274"
}
